
Microsoft Visual Studio Solution File, Format Version 12.00
Project("{FAE04EC0-301F-11D3-BF4B-00C04F79EFBC}") = "zadanie_zajecia_7", "zadanie_zajecia_7\zadanie_zajecia_7.csproj", "{EBD23E2D-B158-4376-9010-680760289071}"
EndProject
Global
	GlobalSection(SolutionConfigurationPlatforms) = preSolution
		Debug|Any CPU = Debug|Any CPU
		Release|Any CPU = Release|Any CPU
	EndGlobalSection
	GlobalSection(ProjectConfigurationPlatforms) = postSolution
		{EBD23E2D-B158-4376-9010-680760289071}.Debug|Any CPU.ActiveCfg = Debug|Any CPU
		{EBD23E2D-B158-4376-9010-680760289071}.Debug|Any CPU.Build.0 = Debug|Any CPU
		{EBD23E2D-B158-4376-9010-680760289071}.Release|Any CPU.ActiveCfg = Release|Any CPU
		{EBD23E2D-B158-4376-9010-680760289071}.Release|Any CPU.Build.0 = Release|Any CPU
	EndGlobalSection
EndGlobal
